
Microsoft Visual Studio Solution File, Format Version 12.00
# Visual Studio Version 17
VisualStudioVersion = 17.0.32002.185
MinimumVisualStudioVersion = 10.0.40219.1
Project("{FAE04EC0-301F-11D3-BF4B-00C04F79EFBC}") = "RegisterEmployeeSkills", "RegisterEmployeeSkills\RegisterEmployeeSkills.csproj", "{350C7A29-F42C-448D-990C-80C8CE6959A1}"
EndProject
Project("{FAE04EC0-301F-11D3-BF4B-00C04F79EFBC}") = "RegisterSkillsSystem", "RegisterSkillsSystem\RegisterSkillsSystem.csproj", "{35769395-59B3-420A-9159-BA0583184112}"
EndProject
Global
	GlobalSection(SolutionConfigurationPlatforms) = preSolution
		Debug|Any CPU = Debug|Any CPU
		Release|Any CPU = Release|Any CPU
	EndGlobalSection
	GlobalSection(ProjectConfigurationPlatforms) = postSolution
		{350C7A29-F42C-448D-990C-80C8CE6959A1}.Debug|Any CPU.ActiveCfg = Debug|Any CPU
		{350C7A29-F42C-448D-990C-80C8CE6959A1}.Debug|Any CPU.Build.0 = Debug|Any CPU
		{350C7A29-F42C-448D-990C-80C8CE6959A1}.Release|Any CPU.ActiveCfg = Release|Any CPU
		{350C7A29-F42C-448D-990C-80C8CE6959A1}.Release|Any CPU.Build.0 = Release|Any CPU
		{35769395-59B3-420A-9159-BA0583184112}.Debug|Any CPU.ActiveCfg = Debug|Any CPU
		{35769395-59B3-420A-9159-BA0583184112}.Debug|Any CPU.Build.0 = Debug|Any CPU
		{35769395-59B3-420A-9159-BA0583184112}.Release|Any CPU.ActiveCfg = Release|Any CPU
		{35769395-59B3-420A-9159-BA0583184112}.Release|Any CPU.Build.0 = Release|Any CPU
	EndGlobalSection
	GlobalSection(SolutionProperties) = preSolution
		HideSolutionNode = FALSE
	EndGlobalSection
	GlobalSection(ExtensibilityGlobals) = postSolution
		SolutionGuid = {3284C7FD-304D-4600-B9B9-1704B1336E10}
	EndGlobalSection
EndGlobal
